
Microsoft Visual Studio Solution File, Format Version 12.00
# Visual Studio 15
VisualStudioVersion = 15.0.28307.572
MinimumVisualStudioVersion = 10.0.40219.1
Project("{FAE04EC0-301F-11D3-BF4B-00C04F79EFBC}") = "Lab_1_4", "Training\Lab_1_4.csproj", "{89074D9F-5FA3-4A79-9322-1707CB8A2ACC}"
EndProject
Project("{FAE04EC0-301F-11D3-BF4B-00C04F79EFBC}") = "Lab1_5", "Lab1_5\Lab1_5.csproj", "{0DE40617-F3D6-4B3C-BF5B-2EE4EA6641CE}"
EndProject
Project("{FAE04EC0-301F-11D3-BF4B-00C04F79EFBC}") = "Lab1_3", "Lab1_3\Lab1_3.csproj", "{39A40929-4F78-474A-9F10-012A1AB3286E}"
EndProject
Project("{FAE04EC0-301F-11D3-BF4B-00C04F79EFBC}") = "Lab2_1", "Lab2_1\Lab2_1.csproj", "{DA0CBD94-F77C-46B8-9DA3-29ABBC74EC54}"
EndProject
Project("{FAE04EC0-301F-11D3-BF4B-00C04F79EFBC}") = "Lab2_2_cod_1", "Lab2_2_cod_1\Lab2_2_cod_1.csproj", "{E2AE28D0-7D36-4EEB-AC50-B60408C50F22}"
EndProject
Project("{FAE04EC0-301F-11D3-BF4B-00C04F79EFBC}") = "Lab2_2_cod_2", "Lab2_2_cod_2\Lab2_2_cod_2.csproj", "{A5C90131-428C-4FE8-B14C-1F323BBDEE6E}"
EndProject
Project("{FAE04EC0-301F-11D3-BF4B-00C04F79EFBC}") = "Lab2_3", "Lab2_3\Lab2_3.csproj", "{85FDD39E-ECA0-4AC2-A59A-5E1CD4DB2217}"
EndProject
Project("{FAE04EC0-301F-11D3-BF4B-00C04F79EFBC}") = "Lab2_4", "Lab2_4\Lab2_4.csproj", "{195EA967-2672-438E-A1C0-0CDA7A2A2D1E}"
EndProject
Global
	GlobalSection(SolutionConfigurationPlatforms) = preSolution
		Debug|Any CPU = Debug|Any CPU
		Release|Any CPU = Release|Any CPU
	EndGlobalSection
	GlobalSection(ProjectConfigurationPlatforms) = postSolution
		{89074D9F-5FA3-4A79-9322-1707CB8A2ACC}.Debug|Any CPU.ActiveCfg = Debug|Any CPU
		{89074D9F-5FA3-4A79-9322-1707CB8A2ACC}.Debug|Any CPU.Build.0 = Debug|Any CPU
		{89074D9F-5FA3-4A79-9322-1707CB8A2ACC}.Release|Any CPU.ActiveCfg = Release|Any CPU
		{89074D9F-5FA3-4A79-9322-1707CB8A2ACC}.Release|Any CPU.Build.0 = Release|Any CPU
		{0DE40617-F3D6-4B3C-BF5B-2EE4EA6641CE}.Debug|Any CPU.ActiveCfg = Debug|Any CPU
		{0DE40617-F3D6-4B3C-BF5B-2EE4EA6641CE}.Debug|Any CPU.Build.0 = Debug|Any CPU
		{0DE40617-F3D6-4B3C-BF5B-2EE4EA6641CE}.Release|Any CPU.ActiveCfg = Release|Any CPU
		{0DE40617-F3D6-4B3C-BF5B-2EE4EA6641CE}.Release|Any CPU.Build.0 = Release|Any CPU
		{39A40929-4F78-474A-9F10-012A1AB3286E}.Debug|Any CPU.ActiveCfg = Debug|Any CPU
		{39A40929-4F78-474A-9F10-012A1AB3286E}.Debug|Any CPU.Build.0 = Debug|Any CPU
		{39A40929-4F78-474A-9F10-012A1AB3286E}.Release|Any CPU.ActiveCfg = Release|Any CPU
		{39A40929-4F78-474A-9F10-012A1AB3286E}.Release|Any CPU.Build.0 = Release|Any CPU
		{DA0CBD94-F77C-46B8-9DA3-29ABBC74EC54}.Debug|Any CPU.ActiveCfg = Debug|Any CPU
		{DA0CBD94-F77C-46B8-9DA3-29ABBC74EC54}.Debug|Any CPU.Build.0 = Debug|Any CPU
		{DA0CBD94-F77C-46B8-9DA3-29ABBC74EC54}.Release|Any CPU.ActiveCfg = Release|Any CPU
		{DA0CBD94-F77C-46B8-9DA3-29ABBC74EC54}.Release|Any CPU.Build.0 = Release|Any CPU
		{E2AE28D0-7D36-4EEB-AC50-B60408C50F22}.Debug|Any CPU.ActiveCfg = Debug|Any CPU
		{E2AE28D0-7D36-4EEB-AC50-B60408C50F22}.Debug|Any CPU.Build.0 = Debug|Any CPU
		{E2AE28D0-7D36-4EEB-AC50-B60408C50F22}.Release|Any CPU.ActiveCfg = Release|Any CPU
		{E2AE28D0-7D36-4EEB-AC50-B60408C50F22}.Release|Any CPU.Build.0 = Release|Any CPU
		{A5C90131-428C-4FE8-B14C-1F323BBDEE6E}.Debug|Any CPU.ActiveCfg = Debug|Any CPU
		{A5C90131-428C-4FE8-B14C-1F323BBDEE6E}.Debug|Any CPU.Build.0 = Debug|Any CPU
		{A5C90131-428C-4FE8-B14C-1F323BBDEE6E}.Release|Any CPU.ActiveCfg = Release|Any CPU
		{A5C90131-428C-4FE8-B14C-1F323BBDEE6E}.Release|Any CPU.Build.0 = Release|Any CPU
		{85FDD39E-ECA0-4AC2-A59A-5E1CD4DB2217}.Debug|Any CPU.ActiveCfg = Debug|Any CPU
		{85FDD39E-ECA0-4AC2-A59A-5E1CD4DB2217}.Debug|Any CPU.Build.0 = Debug|Any CPU
		{85FDD39E-ECA0-4AC2-A59A-5E1CD4DB2217}.Release|Any CPU.ActiveCfg = Release|Any CPU
		{85FDD39E-ECA0-4AC2-A59A-5E1CD4DB2217}.Release|Any CPU.Build.0 = Release|Any CPU
		{195EA967-2672-438E-A1C0-0CDA7A2A2D1E}.Debug|Any CPU.ActiveCfg = Debug|Any CPU
		{195EA967-2672-438E-A1C0-0CDA7A2A2D1E}.Debug|Any CPU.Build.0 = Debug|Any CPU
		{195EA967-2672-438E-A1C0-0CDA7A2A2D1E}.Release|Any CPU.ActiveCfg = Release|Any CPU
		{195EA967-2672-438E-A1C0-0CDA7A2A2D1E}.Release|Any CPU.Build.0 = Release|Any CPU
	EndGlobalSection
	GlobalSection(SolutionProperties) = preSolution
		HideSolutionNode = FALSE
	EndGlobalSection
	GlobalSection(ExtensibilityGlobals) = postSolution
		SolutionGuid = {460B15BC-0269-4083-AB65-66E0DC5E2412}
	EndGlobalSection
EndGlobal
