
Microsoft Visual Studio Solution File, Format Version 12.00
# Visual Studio 15
VisualStudioVersion = 15.0.28307.572
MinimumVisualStudioVersion = 10.0.40219.1
Project("{FAE04EC0-301F-11D3-BF4B-00C04F79EFBC}") = "Training", "Training\Training.csproj", "{89074D9F-5FA3-4A79-9322-1707CB8A2ACC}"
EndProject
Global
	GlobalSection(SolutionConfigurationPlatforms) = preSolution
		Debug|Any CPU = Debug|Any CPU
		Release|Any CPU = Release|Any CPU
	EndGlobalSection
	GlobalSection(ProjectConfigurationPlatforms) = postSolution
		{89074D9F-5FA3-4A79-9322-1707CB8A2ACC}.Debug|Any CPU.ActiveCfg = Debug|Any CPU
		{89074D9F-5FA3-4A79-9322-1707CB8A2ACC}.Debug|Any CPU.Build.0 = Debug|Any CPU
		{89074D9F-5FA3-4A79-9322-1707CB8A2ACC}.Release|Any CPU.ActiveCfg = Release|Any CPU
		{89074D9F-5FA3-4A79-9322-1707CB8A2ACC}.Release|Any CPU.Build.0 = Release|Any CPU
	EndGlobalSection
	GlobalSection(SolutionProperties) = preSolution
		HideSolutionNode = FALSE
	EndGlobalSection
	GlobalSection(ExtensibilityGlobals) = postSolution
		SolutionGuid = {460B15BC-0269-4083-AB65-66E0DC5E2412}
	EndGlobalSection
EndGlobal
